// !$*UTF8*$!
{
	archiveVersion = 1;
	classes = {
	};
	objectVersion = 56;
	objects = {

/* Begin PBXBuildFile section */
		DE0369792A60195E000A2FB8 /* StatusCode.swift in Sources */ = {isa = PBXBuildFile; fileRef = DE0369722A60195E000A2FB8 /* StatusCode.swift */; };
		DE03697A2A60195E000A2FB8 /* GateWays.swift in Sources */ = {isa = PBXBuildFile; fileRef = DE0369732A60195E000A2FB8 /* GateWays.swift */; };
		DE03697B2A60195E000A2FB8 /* URLSession++APITask.swift in Sources */ = {isa = PBXBuildFile; fileRef = DE0369742A60195E000A2FB8 /* URLSession++APITask.swift */; };
		DE03697C2A60195E000A2FB8 /* HTTPMethod.swift in Sources */ = {isa = PBXBuildFile; fileRef = DE0369752A60195E000A2FB8 /* HTTPMethod.swift */; };
		DE03697D2A60195E000A2FB8 /* API.swift in Sources */ = {isa = PBXBuildFile; fileRef = DE0369762A60195E000A2FB8 /* API.swift */; };
		DE03697E2A60195E000A2FB8 /* NetworkError.swift in Sources */ = {isa = PBXBuildFile; fileRef = DE0369772A60195E000A2FB8 /* NetworkError.swift */; };
		DE03697F2A60195E000A2FB8 /* NetworkServices.swift in Sources */ = {isa = PBXBuildFile; fileRef = DE0369782A60195E000A2FB8 /* NetworkServices.swift */; };
		DEA140A92A60233A00E555C7 /* AlbumEntity.swift in Sources */ = {isa = PBXBuildFile; fileRef = DEA140A82A60233A00E555C7 /* AlbumEntity.swift */; };
		DEA140AB2A6023AE00E555C7 /* PhotoEntity.swift in Sources */ = {isa = PBXBuildFile; fileRef = DEA140AA2A6023AE00E555C7 /* PhotoEntity.swift */; };
		DEC54EB62A6017C3003018B4 /* MyAlbumApp.swift in Sources */ = {isa = PBXBuildFile; fileRef = DEC54EB52A6017C3003018B4 /* MyAlbumApp.swift */; };
		DEC54EBA2A6017C4003018B4 /* Assets.xcassets in Resources */ = {isa = PBXBuildFile; fileRef = DEC54EB92A6017C4003018B4 /* Assets.xcassets */; };
		DEC54EBD2A6017C4003018B4 /* Preview Assets.xcassets in Resources */ = {isa = PBXBuildFile; fileRef = DEC54EBC2A6017C4003018B4 /* Preview Assets.xcassets */; };
		DEC54EC72A6017C4003018B4 /* MyAlbumTests.swift in Sources */ = {isa = PBXBuildFile; fileRef = DEC54EC62A6017C4003018B4 /* MyAlbumTests.swift */; };
		DEC54ED12A6017C4003018B4 /* MyAlbumUITests.swift in Sources */ = {isa = PBXBuildFile; fileRef = DEC54ED02A6017C4003018B4 /* MyAlbumUITests.swift */; };
		DEC54ED32A6017C4003018B4 /* MyAlbumUITestsLaunchTests.swift in Sources */ = {isa = PBXBuildFile; fileRef = DEC54ED22A6017C4003018B4 /* MyAlbumUITestsLaunchTests.swift */; };
		DEC54EE12A60181E003018B4 /* ComposableArchitecture in Frameworks */ = {isa = PBXBuildFile; productRef = DEC54EE02A60181E003018B4 /* ComposableArchitecture */; };
/* End PBXBuildFile section */

/* Begin PBXContainerItemProxy section */
		DEC54EC32A6017C4003018B4 /* PBXContainerItemProxy */ = {
			isa = PBXContainerItemProxy;
			containerPortal = DEC54EAA2A6017C3003018B4 /* Project object */;
			proxyType = 1;
			remoteGlobalIDString = DEC54EB12A6017C3003018B4;
			remoteInfo = MyAlbum;
		};
		DEC54ECD2A6017C4003018B4 /* PBXContainerItemProxy */ = {
			isa = PBXContainerItemProxy;
			containerPortal = DEC54EAA2A6017C3003018B4 /* Project object */;
			proxyType = 1;
			remoteGlobalIDString = DEC54EB12A6017C3003018B4;
			remoteInfo = MyAlbum;
		};
/* End PBXContainerItemProxy section */

/* Begin PBXFileReference section */
		DE0369722A60195E000A2FB8 /* StatusCode.swift */ = {isa = PBXFileReference; fileEncoding = 4; lastKnownFileType = sourcecode.swift; path = StatusCode.swift; sourceTree = "<group>"; };
		DE0369732A60195E000A2FB8 /* GateWays.swift */ = {isa = PBXFileReference; fileEncoding = 4; lastKnownFileType = sourcecode.swift; path = GateWays.swift; sourceTree = "<group>"; };
		DE0369742A60195E000A2FB8 /* URLSession++APITask.swift */ = {isa = PBXFileReference; fileEncoding = 4; lastKnownFileType = sourcecode.swift; path = "URLSession++APITask.swift"; sourceTree = "<group>"; };
		DE0369752A60195E000A2FB8 /* HTTPMethod.swift */ = {isa = PBXFileReference; fileEncoding = 4; lastKnownFileType = sourcecode.swift; path = HTTPMethod.swift; sourceTree = "<group>"; };
		DE0369762A60195E000A2FB8 /* API.swift */ = {isa = PBXFileReference; fileEncoding = 4; lastKnownFileType = sourcecode.swift; path = API.swift; sourceTree = "<group>"; };
		DE0369772A60195E000A2FB8 /* NetworkError.swift */ = {isa = PBXFileReference; fileEncoding = 4; lastKnownFileType = sourcecode.swift; path = NetworkError.swift; sourceTree = "<group>"; };
		DE0369782A60195E000A2FB8 /* NetworkServices.swift */ = {isa = PBXFileReference; fileEncoding = 4; lastKnownFileType = sourcecode.swift; path = NetworkServices.swift; sourceTree = "<group>"; };
		DEA140A82A60233A00E555C7 /* AlbumEntity.swift */ = {isa = PBXFileReference; lastKnownFileType = sourcecode.swift; path = AlbumEntity.swift; sourceTree = "<group>"; };
		DEA140AA2A6023AE00E555C7 /* PhotoEntity.swift */ = {isa = PBXFileReference; lastKnownFileType = sourcecode.swift; path = PhotoEntity.swift; sourceTree = "<group>"; };
		DEC54EB22A6017C3003018B4 /* MyAlbum.app */ = {isa = PBXFileReference; explicitFileType = wrapper.application; includeInIndex = 0; path = MyAlbum.app; sourceTree = BUILT_PRODUCTS_DIR; };
		DEC54EB52A6017C3003018B4 /* MyAlbumApp.swift */ = {isa = PBXFileReference; lastKnownFileType = sourcecode.swift; path = MyAlbumApp.swift; sourceTree = "<group>"; };
		DEC54EB92A6017C4003018B4 /* Assets.xcassets */ = {isa = PBXFileReference; lastKnownFileType = folder.assetcatalog; path = Assets.xcassets; sourceTree = "<group>"; };
		DEC54EBC2A6017C4003018B4 /* Preview Assets.xcassets */ = {isa = PBXFileReference; lastKnownFileType = folder.assetcatalog; path = "Preview Assets.xcassets"; sourceTree = "<group>"; };
		DEC54EC22A6017C4003018B4 /* MyAlbumTests.xctest */ = {isa = PBXFileReference; explicitFileType = wrapper.cfbundle; includeInIndex = 0; path = MyAlbumTests.xctest; sourceTree = BUILT_PRODUCTS_DIR; };
		DEC54EC62A6017C4003018B4 /* MyAlbumTests.swift */ = {isa = PBXFileReference; lastKnownFileType = sourcecode.swift; path = MyAlbumTests.swift; sourceTree = "<group>"; };
		DEC54ECC2A6017C4003018B4 /* MyAlbumUITests.xctest */ = {isa = PBXFileReference; explicitFileType = wrapper.cfbundle; includeInIndex = 0; path = MyAlbumUITests.xctest; sourceTree = BUILT_PRODUCTS_DIR; };
		DEC54ED02A6017C4003018B4 /* MyAlbumUITests.swift */ = {isa = PBXFileReference; lastKnownFileType = sourcecode.swift; path = MyAlbumUITests.swift; sourceTree = "<group>"; };
		DEC54ED22A6017C4003018B4 /* MyAlbumUITestsLaunchTests.swift */ = {isa = PBXFileReference; lastKnownFileType = sourcecode.swift; path = MyAlbumUITestsLaunchTests.swift; sourceTree = "<group>"; };
/* End PBXFileReference section */

/* Begin PBXFrameworksBuildPhase section */
		DEC54EAF2A6017C3003018B4 /* Frameworks */ = {
			isa = PBXFrameworksBuildPhase;
			buildActionMask = 2147483647;
			files = (
				DEC54EE12A60181E003018B4 /* ComposableArchitecture in Frameworks */,
			);
			runOnlyForDeploymentPostprocessing = 0;
		};
		DEC54EBF2A6017C4003018B4 /* Frameworks */ = {
			isa = PBXFrameworksBuildPhase;
			buildActionMask = 2147483647;
			files = (
			);
			runOnlyForDeploymentPostprocessing = 0;
		};
		DEC54EC92A6017C4003018B4 /* Frameworks */ = {
			isa = PBXFrameworksBuildPhase;
			buildActionMask = 2147483647;
			files = (
			);
			runOnlyForDeploymentPostprocessing = 0;
		};
/* End PBXFrameworksBuildPhase section */

/* Begin PBXGroup section */
		DE03696F2A60194A000A2FB8 /* Data */ = {
			isa = PBXGroup;
			children = (
				DE0369702A60194E000A2FB8 /* Network */,
			);
			path = Data;
			sourceTree = "<group>";
		};
		DE0369702A60194E000A2FB8 /* Network */ = {
			isa = PBXGroup;
			children = (
				DE0369712A60195E000A2FB8 /* Utils */,
				DE0369782A60195E000A2FB8 /* NetworkServices.swift */,
			);
			path = Network;
			sourceTree = "<group>";
		};
		DE0369712A60195E000A2FB8 /* Utils */ = {
			isa = PBXGroup;
			children = (
				DE0369722A60195E000A2FB8 /* StatusCode.swift */,
				DE0369732A60195E000A2FB8 /* GateWays.swift */,
				DE0369742A60195E000A2FB8 /* URLSession++APITask.swift */,
				DE0369752A60195E000A2FB8 /* HTTPMethod.swift */,
				DE0369762A60195E000A2FB8 /* API.swift */,
				DE0369772A60195E000A2FB8 /* NetworkError.swift */,
			);
			path = Utils;
			sourceTree = "<group>";
		};
		DEA140A72A6022E200E555C7 /* Entities */ = {
			isa = PBXGroup;
			children = (
				DEA140A82A60233A00E555C7 /* AlbumEntity.swift */,
				DEA140AA2A6023AE00E555C7 /* PhotoEntity.swift */,
			);
			path = Entities;
			sourceTree = "<group>";
		};
		DEC54EA92A6017C3003018B4 = {
			isa = PBXGroup;
			children = (
				DEC54EB42A6017C3003018B4 /* MyAlbum */,
				DEC54EC52A6017C4003018B4 /* MyAlbumTests */,
				DEC54ECF2A6017C4003018B4 /* MyAlbumUITests */,
				DEC54EB32A6017C3003018B4 /* Products */,
			);
			sourceTree = "<group>";
		};
		DEC54EB32A6017C3003018B4 /* Products */ = {
			isa = PBXGroup;
			children = (
				DEC54EB22A6017C3003018B4 /* MyAlbum.app */,
				DEC54EC22A6017C4003018B4 /* MyAlbumTests.xctest */,
				DEC54ECC2A6017C4003018B4 /* MyAlbumUITests.xctest */,
			);
			name = Products;
			sourceTree = "<group>";
		};
		DEC54EB42A6017C3003018B4 /* MyAlbum */ = {
			isa = PBXGroup;
			children = (
				DEA140A72A6022E200E555C7 /* Entities */,
				DE03696F2A60194A000A2FB8 /* Data */,
				DEC54EB52A6017C3003018B4 /* MyAlbumApp.swift */,
				DEC54EB92A6017C4003018B4 /* Assets.xcassets */,
				DEC54EBB2A6017C4003018B4 /* Preview Content */,
			);
			path = MyAlbum;
			sourceTree = "<group>";
		};
		DEC54EBB2A6017C4003018B4 /* Preview Content */ = {
			isa = PBXGroup;
			children = (
				DEC54EBC2A6017C4003018B4 /* Preview Assets.xcassets */,
			);
			path = "Preview Content";
			sourceTree = "<group>";
		};
		DEC54EC52A6017C4003018B4 /* MyAlbumTests */ = {
			isa = PBXGroup;
			children = (
				DEC54EC62A6017C4003018B4 /* MyAlbumTests.swift */,
			);
			path = MyAlbumTests;
			sourceTree = "<group>";
		};
		DEC54ECF2A6017C4003018B4 /* MyAlbumUITests */ = {
			isa = PBXGroup;
			children = (
				DEC54ED02A6017C4003018B4 /* MyAlbumUITests.swift */,
				DEC54ED22A6017C4003018B4 /* MyAlbumUITestsLaunchTests.swift */,
			);
			path = MyAlbumUITests;
			sourceTree = "<group>";
		};
/* End PBXGroup section */

/* Begin PBXNativeTarget section */
		DEC54EB12A6017C3003018B4 /* MyAlbum */ = {
			isa = PBXNativeTarget;
			buildConfigurationList = DEC54ED62A6017C4003018B4 /* Build configuration list for PBXNativeTarget "MyAlbum" */;
			buildPhases = (
				DEC54EAE2A6017C3003018B4 /* Sources */,
				DEC54EAF2A6017C3003018B4 /* Frameworks */,
				DEC54EB02A6017C3003018B4 /* Resources */,
			);
			buildRules = (
			);
			dependencies = (
			);
			name = MyAlbum;
			packageProductDependencies = (
				DEC54EE02A60181E003018B4 /* ComposableArchitecture */,
			);
			productName = MyAlbum;
			productReference = DEC54EB22A6017C3003018B4 /* MyAlbum.app */;
			productType = "com.apple.product-type.application";
		};
		DEC54EC12A6017C4003018B4 /* MyAlbumTests */ = {
			isa = PBXNativeTarget;
			buildConfigurationList = DEC54ED92A6017C4003018B4 /* Build configuration list for PBXNativeTarget "MyAlbumTests" */;
			buildPhases = (
				DEC54EBE2A6017C4003018B4 /* Sources */,
				DEC54EBF2A6017C4003018B4 /* Frameworks */,
				DEC54EC02A6017C4003018B4 /* Resources */,
			);
			buildRules = (
			);
			dependencies = (
				DEC54EC42A6017C4003018B4 /* PBXTargetDependency */,
			);
			name = MyAlbumTests;
			productName = MyAlbumTests;
			productReference = DEC54EC22A6017C4003018B4 /* MyAlbumTests.xctest */;
			productType = "com.apple.product-type.bundle.unit-test";
		};
		DEC54ECB2A6017C4003018B4 /* MyAlbumUITests */ = {
			isa = PBXNativeTarget;
			buildConfigurationList = DEC54EDC2A6017C4003018B4 /* Build configuration list for PBXNativeTarget "MyAlbumUITests" */;
			buildPhases = (
				DEC54EC82A6017C4003018B4 /* Sources */,
				DEC54EC92A6017C4003018B4 /* Frameworks */,
				DEC54ECA2A6017C4003018B4 /* Resources */,
			);
			buildRules = (
			);
			dependencies = (
				DEC54ECE2A6017C4003018B4 /* PBXTargetDependency */,
			);
			name = MyAlbumUITests;
			productName = MyAlbumUITests;
			productReference = DEC54ECC2A6017C4003018B4 /* MyAlbumUITests.xctest */;
			productType = "com.apple.product-type.bundle.ui-testing";
		};
/* End PBXNativeTarget section */

/* Begin PBXProject section */
		DEC54EAA2A6017C3003018B4 /* Project object */ = {
			isa = PBXProject;
			attributes = {
				BuildIndependentTargetsInParallel = 1;
				LastSwiftUpdateCheck = 1430;
				LastUpgradeCheck = 1430;
				TargetAttributes = {
					DEC54EB12A6017C3003018B4 = {
						CreatedOnToolsVersion = 14.3.1;
					};
					DEC54EC12A6017C4003018B4 = {
						CreatedOnToolsVersion = 14.3.1;
						TestTargetID = DEC54EB12A6017C3003018B4;
					};
					DEC54ECB2A6017C4003018B4 = {
						CreatedOnToolsVersion = 14.3.1;
						TestTargetID = DEC54EB12A6017C3003018B4;
					};
				};
			};
			buildConfigurationList = DEC54EAD2A6017C3003018B4 /* Build configuration list for PBXProject "MyAlbum" */;
			compatibilityVersion = "Xcode 14.0";
			developmentRegion = en;
			hasScannedForEncodings = 0;
			knownRegions = (
				en,
				Base,
			);
			mainGroup = DEC54EA92A6017C3003018B4;
			packageReferences = (
				DEC54EDF2A60181E003018B4 /* XCRemoteSwiftPackageReference "swift-composable-architecture" */,
			);
			productRefGroup = DEC54EB32A6017C3003018B4 /* Products */;
			projectDirPath = "";
			projectRoot = "";
			targets = (
				DEC54EB12A6017C3003018B4 /* MyAlbum */,
				DEC54EC12A6017C4003018B4 /* MyAlbumTests */,
				DEC54ECB2A6017C4003018B4 /* MyAlbumUITests */,
			);
		};
/* End PBXProject section */

/* Begin PBXResourcesBuildPhase section */
		DEC54EB02A6017C3003018B4 /* Resources */ = {
			isa = PBXResourcesBuildPhase;
			buildActionMask = 2147483647;
			files = (
				DEC54EBD2A6017C4003018B4 /* Preview Assets.xcassets in Resources */,
				DEC54EBA2A6017C4003018B4 /* Assets.xcassets in Resources */,
			);
			runOnlyForDeploymentPostprocessing = 0;
		};
		DEC54EC02A6017C4003018B4 /* Resources */ = {
			isa = PBXResourcesBuildPhase;
			buildActionMask = 2147483647;
			files = (
			);
			runOnlyForDeploymentPostprocessing = 0;
		};
		DEC54ECA2A6017C4003018B4 /* Resources */ = {
			isa = PBXResourcesBuildPhase;
			buildActionMask = 2147483647;
			files = (
			);
			runOnlyForDeploymentPostprocessing = 0;
		};
/* End PBXResourcesBuildPhase section */

/* Begin PBXSourcesBuildPhase section */
		DEC54EAE2A6017C3003018B4 /* Sources */ = {
			isa = PBXSourcesBuildPhase;
			buildActionMask = 2147483647;
			files = (
				DE0369792A60195E000A2FB8 /* StatusCode.swift in Sources */,
				DEA140A92A60233A00E555C7 /* AlbumEntity.swift in Sources */,
				DE03697E2A60195E000A2FB8 /* NetworkError.swift in Sources */,
				DEC54EB62A6017C3003018B4 /* MyAlbumApp.swift in Sources */,
				DE03697B2A60195E000A2FB8 /* URLSession++APITask.swift in Sources */,
				DE03697C2A60195E000A2FB8 /* HTTPMethod.swift in Sources */,
				DE03697D2A60195E000A2FB8 /* API.swift in Sources */,
				DE03697F2A60195E000A2FB8 /* NetworkServices.swift in Sources */,
				DE03697A2A60195E000A2FB8 /* GateWays.swift in Sources */,
				DEA140AB2A6023AE00E555C7 /* PhotoEntity.swift in Sources */,
			);
			runOnlyForDeploymentPostprocessing = 0;
		};
		DEC54EBE2A6017C4003018B4 /* Sources */ = {
			isa = PBXSourcesBuildPhase;
			buildActionMask = 2147483647;
			files = (
				DEC54EC72A6017C4003018B4 /* MyAlbumTests.swift in Sources */,
			);
			runOnlyForDeploymentPostprocessing = 0;
		};
		DEC54EC82A6017C4003018B4 /* Sources */ = {
			isa = PBXSourcesBuildPhase;
			buildActionMask = 2147483647;
			files = (
				DEC54ED32A6017C4003018B4 /* MyAlbumUITestsLaunchTests.swift in Sources */,
				DEC54ED12A6017C4003018B4 /* MyAlbumUITests.swift in Sources */,
			);
			runOnlyForDeploymentPostprocessing = 0;
		};
/* End PBXSourcesBuildPhase section */

/* Begin PBXTargetDependency section */
		DEC54EC42A6017C4003018B4 /* PBXTargetDependency */ = {
			isa = PBXTargetDependency;
			target = DEC54EB12A6017C3003018B4 /* MyAlbum */;
			targetProxy = DEC54EC32A6017C4003018B4 /* PBXContainerItemProxy */;
		};
		DEC54ECE2A6017C4003018B4 /* PBXTargetDependency */ = {
			isa = PBXTargetDependency;
			target = DEC54EB12A6017C3003018B4 /* MyAlbum */;
			targetProxy = DEC54ECD2A6017C4003018B4 /* PBXContainerItemProxy */;
		};
/* End PBXTargetDependency section */

/* Begin XCBuildConfiguration section */
		DEC54ED42A6017C4003018B4 /* Debug */ = {
			isa = XCBuildConfiguration;
			buildSettings = {
				ALWAYS_SEARCH_USER_PATHS = NO;
				CLANG_ANALYZER_NONNULL = YES;
				CLANG_ANALYZER_NUMBER_OBJECT_CONVERSION = YES_AGGRESSIVE;
				CLANG_CXX_LANGUAGE_STANDARD = "gnu++20";
				CLANG_ENABLE_MODULES = YES;
				CLANG_ENABLE_OBJC_ARC = YES;
				CLANG_ENABLE_OBJC_WEAK = YES;
				CLANG_WARN_BLOCK_CAPTURE_AUTORELEASING = YES;
				CLANG_WARN_BOOL_CONVERSION = YES;
				CLANG_WARN_COMMA = YES;
				CLANG_WARN_CONSTANT_CONVERSION = YES;
				CLANG_WARN_DEPRECATED_OBJC_IMPLEMENTATIONS = YES;
				CLANG_WARN_DIRECT_OBJC_ISA_USAGE = YES_ERROR;
				CLANG_WARN_DOCUMENTATION_COMMENTS = YES;
				CLANG_WARN_EMPTY_BODY = YES;
				CLANG_WARN_ENUM_CONVERSION = YES;
				CLANG_WARN_INFINITE_RECURSION = YES;
				CLANG_WARN_INT_CONVERSION = YES;
				CLANG_WARN_NON_LITERAL_NULL_CONVERSION = YES;
				CLANG_WARN_OBJC_IMPLICIT_RETAIN_SELF = YES;
				CLANG_WARN_OBJC_LITERAL_CONVERSION = YES;
				CLANG_WARN_OBJC_ROOT_CLASS = YES_ERROR;
				CLANG_WARN_QUOTED_INCLUDE_IN_FRAMEWORK_HEADER = YES;
				CLANG_WARN_RANGE_LOOP_ANALYSIS = YES;
				CLANG_WARN_STRICT_PROTOTYPES = YES;
				CLANG_WARN_SUSPICIOUS_MOVE = YES;
				CLANG_WARN_UNGUARDED_AVAILABILITY = YES_AGGRESSIVE;
				CLANG_WARN_UNREACHABLE_CODE = YES;
				CLANG_WARN__DUPLICATE_METHOD_MATCH = YES;
				COPY_PHASE_STRIP = NO;
				DEBUG_INFORMATION_FORMAT = dwarf;
				ENABLE_STRICT_OBJC_MSGSEND = YES;
				ENABLE_TESTABILITY = YES;
				GCC_C_LANGUAGE_STANDARD = gnu11;
				GCC_DYNAMIC_NO_PIC = NO;
				GCC_NO_COMMON_BLOCKS = YES;
				GCC_OPTIMIZATION_LEVEL = 0;
				GCC_PREPROCESSOR_DEFINITIONS = (
					"DEBUG=1",
					"$(inherited)",
				);
				GCC_WARN_64_TO_32_BIT_CONVERSION = YES;
				GCC_WARN_ABOUT_RETURN_TYPE = YES_ERROR;
				GCC_WARN_UNDECLARED_SELECTOR = YES;
				GCC_WARN_UNINITIALIZED_AUTOS = YES_AGGRESSIVE;
				GCC_WARN_UNUSED_FUNCTION = YES;
				GCC_WARN_UNUSED_VARIABLE = YES;
				IPHONEOS_DEPLOYMENT_TARGET = 16.4;
				MTL_ENABLE_DEBUG_INFO = INCLUDE_SOURCE;
				MTL_FAST_MATH = YES;
				ONLY_ACTIVE_ARCH = YES;
				SDKROOT = iphoneos;
				SWIFT_ACTIVE_COMPILATION_CONDITIONS = DEBUG;
				SWIFT_OPTIMIZATION_LEVEL = "-Onone";
			};
			name = Debug;
		};
		DEC54ED52A6017C4003018B4 /* Release */ = {
			isa = XCBuildConfiguration;
			buildSettings = {
				ALWAYS_SEARCH_USER_PATHS = NO;
				CLANG_ANALYZER_NONNULL = YES;
				CLANG_ANALYZER_NUMBER_OBJECT_CONVERSION = YES_AGGRESSIVE;
				CLANG_CXX_LANGUAGE_STANDARD = "gnu++20";
				CLANG_ENABLE_MODULES = YES;
				CLANG_ENABLE_OBJC_ARC = YES;
				CLANG_ENABLE_OBJC_WEAK = YES;
				CLANG_WARN_BLOCK_CAPTURE_AUTORELEASING = YES;
				CLANG_WARN_BOOL_CONVERSION = YES;
				CLANG_WARN_COMMA = YES;
				CLANG_WARN_CONSTANT_CONVERSION = YES;
				CLANG_WARN_DEPRECATED_OBJC_IMPLEMENTATIONS = YES;
				CLANG_WARN_DIRECT_OBJC_ISA_USAGE = YES_ERROR;
				CLANG_WARN_DOCUMENTATION_COMMENTS = YES;
				CLANG_WARN_EMPTY_BODY = YES;
				CLANG_WARN_ENUM_CONVERSION = YES;
				CLANG_WARN_INFINITE_RECURSION = YES;
				CLANG_WARN_INT_CONVERSION = YES;
				CLANG_WARN_NON_LITERAL_NULL_CONVERSION = YES;
				CLANG_WARN_OBJC_IMPLICIT_RETAIN_SELF = YES;
				CLANG_WARN_OBJC_LITERAL_CONVERSION = YES;
				CLANG_WARN_OBJC_ROOT_CLASS = YES_ERROR;
				CLANG_WARN_QUOTED_INCLUDE_IN_FRAMEWORK_HEADER = YES;
				CLANG_WARN_RANGE_LOOP_ANALYSIS = YES;
				CLANG_WARN_STRICT_PROTOTYPES = YES;
				CLANG_WARN_SUSPICIOUS_MOVE = YES;
				CLANG_WARN_UNGUARDED_AVAILABILITY = YES_AGGRESSIVE;
				CLANG_WARN_UNREACHABLE_CODE = YES;
				CLANG_WARN__DUPLICATE_METHOD_MATCH = YES;
				COPY_PHASE_STRIP = NO;
				DEBUG_INFORMATION_FORMAT = "dwarf-with-dsym";
				ENABLE_NS_ASSERTIONS = NO;
				ENABLE_STRICT_OBJC_MSGSEND = YES;
				GCC_C_LANGUAGE_STANDARD = gnu11;
				GCC_NO_COMMON_BLOCKS = YES;
				GCC_WARN_64_TO_32_BIT_CONVERSION = YES;
				GCC_WARN_ABOUT_RETURN_TYPE = YES_ERROR;
				GCC_WARN_UNDECLARED_SELECTOR = YES;
				GCC_WARN_UNINITIALIZED_AUTOS = YES_AGGRESSIVE;
				GCC_WARN_UNUSED_FUNCTION = YES;
				GCC_WARN_UNUSED_VARIABLE = YES;
				IPHONEOS_DEPLOYMENT_TARGET = 16.4;
				MTL_ENABLE_DEBUG_INFO = NO;
				MTL_FAST_MATH = YES;
				SDKROOT = iphoneos;
				SWIFT_COMPILATION_MODE = wholemodule;
				SWIFT_OPTIMIZATION_LEVEL = "-O";
				VALIDATE_PRODUCT = YES;
			};
			name = Release;
		};
		DEC54ED72A6017C4003018B4 /* Debug */ = {
			isa = XCBuildConfiguration;
			buildSettings = {
				ASSETCATALOG_COMPILER_APPICON_NAME = AppIcon;
				ASSETCATALOG_COMPILER_GLOBAL_ACCENT_COLOR_NAME = AccentColor;
				CODE_SIGN_STYLE = Automatic;
				CURRENT_PROJECT_VERSION = 1;
				DEVELOPMENT_ASSET_PATHS = "\"MyAlbum/Preview Content\"";
				DEVELOPMENT_TEAM = 88P363PJC9;
				ENABLE_PREVIEWS = YES;
				GENERATE_INFOPLIST_FILE = YES;
				INFOPLIST_KEY_UIApplicationSceneManifest_Generation = YES;
				INFOPLIST_KEY_UIApplicationSupportsIndirectInputEvents = YES;
				INFOPLIST_KEY_UILaunchScreen_Generation = YES;
				INFOPLIST_KEY_UISupportedInterfaceOrientations_iPad = "UIInterfaceOrientationPortrait UIInterfaceOrientationPortraitUpsideDown UIInterfaceOrientationLandscapeLeft UIInterfaceOrientationLandscapeRight";
				INFOPLIST_KEY_UISupportedInterfaceOrientations_iPhone = "UIInterfaceOrientationPortrait UIInterfaceOrientationLandscapeLeft UIInterfaceOrientationLandscapeRight";
				LD_RUNPATH_SEARCH_PATHS = (
					"$(inherited)",
					"@executable_path/Frameworks",
				);
				MARKETING_VERSION = 1.0;
				PRODUCT_BUNDLE_IDENTIFIER = kiarash.vosough.com.MyAlbum;
				PRODUCT_NAME = "$(TARGET_NAME)";
				SWIFT_EMIT_LOC_STRINGS = YES;
				SWIFT_VERSION = 5.0;
				TARGETED_DEVICE_FAMILY = "1,2";
			};
			name = Debug;
		};
		DEC54ED82A6017C4003018B4 /* Release */ = {
			isa = XCBuildConfiguration;
			buildSettings = {
				ASSETCATALOG_COMPILER_APPICON_NAME = AppIcon;
				ASSETCATALOG_COMPILER_GLOBAL_ACCENT_COLOR_NAME = AccentColor;
				CODE_SIGN_STYLE = Automatic;
				CURRENT_PROJECT_VERSION = 1;
				DEVELOPMENT_ASSET_PATHS = "\"MyAlbum/Preview Content\"";
				DEVELOPMENT_TEAM = 88P363PJC9;
				ENABLE_PREVIEWS = YES;
				GENERATE_INFOPLIST_FILE = YES;
				INFOPLIST_KEY_UIApplicationSceneManifest_Generation = YES;
				INFOPLIST_KEY_UIApplicationSupportsIndirectInputEvents = YES;
				INFOPLIST_KEY_UILaunchScreen_Generation = YES;
				INFOPLIST_KEY_UISupportedInterfaceOrientations_iPad = "UIInterfaceOrientationPortrait UIInterfaceOrientationPortraitUpsideDown UIInterfaceOrientationLandscapeLeft UIInterfaceOrientationLandscapeRight";
				INFOPLIST_KEY_UISupportedInterfaceOrientations_iPhone = "UIInterfaceOrientationPortrait UIInterfaceOrientationLandscapeLeft UIInterfaceOrientationLandscapeRight";
				LD_RUNPATH_SEARCH_PATHS = (
					"$(inherited)",
					"@executable_path/Frameworks",
				);
				MARKETING_VERSION = 1.0;
				PRODUCT_BUNDLE_IDENTIFIER = kiarash.vosough.com.MyAlbum;
				PRODUCT_NAME = "$(TARGET_NAME)";
				SWIFT_EMIT_LOC_STRINGS = YES;
				SWIFT_VERSION = 5.0;
				TARGETED_DEVICE_FAMILY = "1,2";
			};
			name = Release;
		};
		DEC54EDA2A6017C4003018B4 /* Debug */ = {
			isa = XCBuildConfiguration;
			buildSettings = {
				ALWAYS_EMBED_SWIFT_STANDARD_LIBRARIES = YES;
				BUNDLE_LOADER = "$(TEST_HOST)";
				CODE_SIGN_STYLE = Automatic;
				CURRENT_PROJECT_VERSION = 1;
				DEVELOPMENT_TEAM = 88P363PJC9;
				GENERATE_INFOPLIST_FILE = YES;
				IPHONEOS_DEPLOYMENT_TARGET = 16.4;
				MARKETING_VERSION = 1.0;
				PRODUCT_BUNDLE_IDENTIFIER = kiarash.vosough.com.MyAlbumTests;
				PRODUCT_NAME = "$(TARGET_NAME)";
				SWIFT_EMIT_LOC_STRINGS = NO;
				SWIFT_VERSION = 5.0;
				TARGETED_DEVICE_FAMILY = "1,2";
				TEST_HOST = "$(BUILT_PRODUCTS_DIR)/MyAlbum.app/$(BUNDLE_EXECUTABLE_FOLDER_PATH)/MyAlbum";
			};
			name = Debug;
		};
		DEC54EDB2A6017C4003018B4 /* Release */ = {
			isa = XCBuildConfiguration;
			buildSettings = {
				ALWAYS_EMBED_SWIFT_STANDARD_LIBRARIES = YES;
				BUNDLE_LOADER = "$(TEST_HOST)";
				CODE_SIGN_STYLE = Automatic;
				CURRENT_PROJECT_VERSION = 1;
				DEVELOPMENT_TEAM = 88P363PJC9;
				GENERATE_INFOPLIST_FILE = YES;
				IPHONEOS_DEPLOYMENT_TARGET = 16.4;
				MARKETING_VERSION = 1.0;
				PRODUCT_BUNDLE_IDENTIFIER = kiarash.vosough.com.MyAlbumTests;
				PRODUCT_NAME = "$(TARGET_NAME)";
				SWIFT_EMIT_LOC_STRINGS = NO;
				SWIFT_VERSION = 5.0;
				TARGETED_DEVICE_FAMILY = "1,2";
				TEST_HOST = "$(BUILT_PRODUCTS_DIR)/MyAlbum.app/$(BUNDLE_EXECUTABLE_FOLDER_PATH)/MyAlbum";
			};
			name = Release;
		};
		DEC54EDD2A6017C4003018B4 /* Debug */ = {
			isa = XCBuildConfiguration;
			buildSettings = {
				ALWAYS_EMBED_SWIFT_STANDARD_LIBRARIES = YES;
				CODE_SIGN_STYLE = Automatic;
				CURRENT_PROJECT_VERSION = 1;
				DEVELOPMENT_TEAM = 88P363PJC9;
				GENERATE_INFOPLIST_FILE = YES;
				MARKETING_VERSION = 1.0;
				PRODUCT_BUNDLE_IDENTIFIER = kiarash.vosough.com.MyAlbumUITests;
				PRODUCT_NAME = "$(TARGET_NAME)";
				SWIFT_EMIT_LOC_STRINGS = NO;
				SWIFT_VERSION = 5.0;
				TARGETED_DEVICE_FAMILY = "1,2";
				TEST_TARGET_NAME = MyAlbum;
			};
			name = Debug;
		};
		DEC54EDE2A6017C4003018B4 /* Release */ = {
			isa = XCBuildConfiguration;
			buildSettings = {
				ALWAYS_EMBED_SWIFT_STANDARD_LIBRARIES = YES;
				CODE_SIGN_STYLE = Automatic;
				CURRENT_PROJECT_VERSION = 1;
				DEVELOPMENT_TEAM = 88P363PJC9;
				GENERATE_INFOPLIST_FILE = YES;
				MARKETING_VERSION = 1.0;
				PRODUCT_BUNDLE_IDENTIFIER = kiarash.vosough.com.MyAlbumUITests;
				PRODUCT_NAME = "$(TARGET_NAME)";
				SWIFT_EMIT_LOC_STRINGS = NO;
				SWIFT_VERSION = 5.0;
				TARGETED_DEVICE_FAMILY = "1,2";
				TEST_TARGET_NAME = MyAlbum;
			};
			name = Release;
		};
/* End XCBuildConfiguration section */

/* Begin XCConfigurationList section */
		DEC54EAD2A6017C3003018B4 /* Build configuration list for PBXProject "MyAlbum" */ = {
			isa = XCConfigurationList;
			buildConfigurations = (
				DEC54ED42A6017C4003018B4 /* Debug */,
				DEC54ED52A6017C4003018B4 /* Release */,
			);
			defaultConfigurationIsVisible = 0;
			defaultConfigurationName = Release;
		};
		DEC54ED62A6017C4003018B4 /* Build configuration list for PBXNativeTarget "MyAlbum" */ = {
			isa = XCConfigurationList;
			buildConfigurations = (
				DEC54ED72A6017C4003018B4 /* Debug */,
				DEC54ED82A6017C4003018B4 /* Release */,
			);
			defaultConfigurationIsVisible = 0;
			defaultConfigurationName = Release;
		};
		DEC54ED92A6017C4003018B4 /* Build configuration list for PBXNativeTarget "MyAlbumTests" */ = {
			isa = XCConfigurationList;
			buildConfigurations = (
				DEC54EDA2A6017C4003018B4 /* Debug */,
				DEC54EDB2A6017C4003018B4 /* Release */,
			);
			defaultConfigurationIsVisible = 0;
			defaultConfigurationName = Release;
		};
		DEC54EDC2A6017C4003018B4 /* Build configuration list for PBXNativeTarget "MyAlbumUITests" */ = {
			isa = XCConfigurationList;
			buildConfigurations = (
				DEC54EDD2A6017C4003018B4 /* Debug */,
				DEC54EDE2A6017C4003018B4 /* Release */,
			);
			defaultConfigurationIsVisible = 0;
			defaultConfigurationName = Release;
		};
/* End XCConfigurationList section */

/* Begin XCRemoteSwiftPackageReference section */
		DEC54EDF2A60181E003018B4 /* XCRemoteSwiftPackageReference "swift-composable-architecture" */ = {
			isa = XCRemoteSwiftPackageReference;
			repositoryURL = "https://github.com/pointfreeco/swift-composable-architecture";
			requirement = {
				kind = upToNextMajorVersion;
				minimumVersion = 0.55.1;
			};
		};
/* End XCRemoteSwiftPackageReference section */

/* Begin XCSwiftPackageProductDependency section */
		DEC54EE02A60181E003018B4 /* ComposableArchitecture */ = {
			isa = XCSwiftPackageProductDependency;
			package = DEC54EDF2A60181E003018B4 /* XCRemoteSwiftPackageReference "swift-composable-architecture" */;
			productName = ComposableArchitecture;
		};
/* End XCSwiftPackageProductDependency section */
	};
	rootObject = DEC54EAA2A6017C3003018B4 /* Project object */;
}
